
Microsoft Visual Studio Solution File, Format Version 12.00
# Visual Studio Version 17
VisualStudioVersion = 17.14.36221.1
MinimumVisualStudioVersion = 10.0.40219.1
Project("{FAE04EC0-301F-11D3-BF4B-00C04F79EFBC}") = "AccountSoft", "AccountSoft\AccountSoft.csproj", "{8D9D776B-DF3F-47B2-BD8E-4BBB147A4641}"
EndProject
Project("{FAE04EC0-301F-11D3-BF4B-00C04F79EFBC}") = "AccountSoftLibrary", "AccountSoftLibrary\AccountSoftLibrary.csproj", "{F69E27D3-C360-4E44-9788-3B775E13C6E1}"
EndProject
Project("{00D1A9C2-B5F0-4AF3-8072-F6C62B433612}") = "DBAccountSoft", "DBAccountSoft\DBAccountSoft.sqlproj", "{954FDA71-5AC5-4259-AD8F-8C3B85565D5C}"
EndProject
Project("{FAE04EC0-301F-11D3-BF4B-00C04F79EFBC}") = "ExcelImport", "ExcelImport\ExcelImport.csproj", "{206147DA-0AE4-461F-BDE3-CF0854AEE6AB}"
EndProject
Global
	GlobalSection(SolutionConfigurationPlatforms) = preSolution
		Debug|Any CPU = Debug|Any CPU
		Release|Any CPU = Release|Any CPU
	EndGlobalSection
	GlobalSection(ProjectConfigurationPlatforms) = postSolution
		{8D9D776B-DF3F-47B2-BD8E-4BBB147A4641}.Debug|Any CPU.ActiveCfg = Debug|Any CPU
		{8D9D776B-DF3F-47B2-BD8E-4BBB147A4641}.Debug|Any CPU.Build.0 = Debug|Any CPU
		{8D9D776B-DF3F-47B2-BD8E-4BBB147A4641}.Release|Any CPU.ActiveCfg = Release|Any CPU
		{8D9D776B-DF3F-47B2-BD8E-4BBB147A4641}.Release|Any CPU.Build.0 = Release|Any CPU
		{F69E27D3-C360-4E44-9788-3B775E13C6E1}.Debug|Any CPU.ActiveCfg = Debug|Any CPU
		{F69E27D3-C360-4E44-9788-3B775E13C6E1}.Debug|Any CPU.Build.0 = Debug|Any CPU
		{F69E27D3-C360-4E44-9788-3B775E13C6E1}.Release|Any CPU.ActiveCfg = Release|Any CPU
		{F69E27D3-C360-4E44-9788-3B775E13C6E1}.Release|Any CPU.Build.0 = Release|Any CPU
		{954FDA71-5AC5-4259-AD8F-8C3B85565D5C}.Debug|Any CPU.ActiveCfg = Debug|Any CPU
		{954FDA71-5AC5-4259-AD8F-8C3B85565D5C}.Debug|Any CPU.Build.0 = Debug|Any CPU
		{954FDA71-5AC5-4259-AD8F-8C3B85565D5C}.Debug|Any CPU.Deploy.0 = Debug|Any CPU
		{954FDA71-5AC5-4259-AD8F-8C3B85565D5C}.Release|Any CPU.ActiveCfg = Release|Any CPU
		{954FDA71-5AC5-4259-AD8F-8C3B85565D5C}.Release|Any CPU.Build.0 = Release|Any CPU
		{954FDA71-5AC5-4259-AD8F-8C3B85565D5C}.Release|Any CPU.Deploy.0 = Release|Any CPU
		{206147DA-0AE4-461F-BDE3-CF0854AEE6AB}.Debug|Any CPU.ActiveCfg = Debug|Any CPU
		{206147DA-0AE4-461F-BDE3-CF0854AEE6AB}.Debug|Any CPU.Build.0 = Debug|Any CPU
		{206147DA-0AE4-461F-BDE3-CF0854AEE6AB}.Release|Any CPU.ActiveCfg = Release|Any CPU
		{206147DA-0AE4-461F-BDE3-CF0854AEE6AB}.Release|Any CPU.Build.0 = Release|Any CPU
	EndGlobalSection
	GlobalSection(SolutionProperties) = preSolution
		HideSolutionNode = FALSE
	EndGlobalSection
	GlobalSection(ExtensibilityGlobals) = postSolution
		SolutionGuid = {26B825E7-A52E-469D-B196-F3D3EE69A239}
	EndGlobalSection
EndGlobal
